
Microsoft Visual Studio Solution File, Format Version 12.00
# Visual Studio Version 17
VisualStudioVersion = 17.4.33205.214
MinimumVisualStudioVersion = 10.0.40219.1
Project("{888888A0-9F3D-457C-B088-3A5042F75D52}") = "Mustrid. Canvas kasutamine", "Mustrid. Canvas kasutamine.pyproj", "{1F09D1FF-93E3-4C9E-BDB5-5BF796133B7B}"
EndProject
Global
	GlobalSection(SolutionConfigurationPlatforms) = preSolution
		Debug|Any CPU = Debug|Any CPU
		Release|Any CPU = Release|Any CPU
	EndGlobalSection
	GlobalSection(ProjectConfigurationPlatforms) = postSolution
		{1F09D1FF-93E3-4C9E-BDB5-5BF796133B7B}.Debug|Any CPU.ActiveCfg = Debug|Any CPU
		{1F09D1FF-93E3-4C9E-BDB5-5BF796133B7B}.Release|Any CPU.ActiveCfg = Release|Any CPU
	EndGlobalSection
	GlobalSection(SolutionProperties) = preSolution
		HideSolutionNode = FALSE
	EndGlobalSection
	GlobalSection(ExtensibilityGlobals) = postSolution
		SolutionGuid = {D30099CF-E104-4FCA-813D-02D20DE43EB7}
	EndGlobalSection
EndGlobal
